
Microsoft Visual Studio Solution File, Format Version 12.00
# Visual Studio 15
VisualStudioVersion = 15.0.26730.12
MinimumVisualStudioVersion = 10.0.40219.1
Project("{FAE04EC0-301F-11D3-BF4B-00C04F79EFBC}") = "Survey", "QuestionnaireSurvey\Survey.csproj", "{CF084F1D-891D-4330-9430-3CE66A3AE988}"
EndProject
Project("{FAE04EC0-301F-11D3-BF4B-00C04F79EFBC}") = "SurveyTest", "QuestionnaireSurveyTest\SurveyTest.csproj", "{C2A2A474-8D94-4581-AB27-1AA60647E5CD}"
EndProject
Global
	GlobalSection(SolutionConfigurationPlatforms) = preSolution
		Debug|Any CPU = Debug|Any CPU
		Release|Any CPU = Release|Any CPU
	EndGlobalSection
	GlobalSection(ProjectConfigurationPlatforms) = postSolution
		{CF084F1D-891D-4330-9430-3CE66A3AE988}.Debug|Any CPU.ActiveCfg = Debug|Any CPU
		{CF084F1D-891D-4330-9430-3CE66A3AE988}.Debug|Any CPU.Build.0 = Debug|Any CPU
		{CF084F1D-891D-4330-9430-3CE66A3AE988}.Release|Any CPU.ActiveCfg = Release|Any CPU
		{CF084F1D-891D-4330-9430-3CE66A3AE988}.Release|Any CPU.Build.0 = Release|Any CPU
		{C2A2A474-8D94-4581-AB27-1AA60647E5CD}.Debug|Any CPU.ActiveCfg = Debug|Any CPU
		{C2A2A474-8D94-4581-AB27-1AA60647E5CD}.Debug|Any CPU.Build.0 = Debug|Any CPU
		{C2A2A474-8D94-4581-AB27-1AA60647E5CD}.Release|Any CPU.ActiveCfg = Release|Any CPU
		{C2A2A474-8D94-4581-AB27-1AA60647E5CD}.Release|Any CPU.Build.0 = Release|Any CPU
	EndGlobalSection
	GlobalSection(SolutionProperties) = preSolution
		HideSolutionNode = FALSE
	EndGlobalSection
	GlobalSection(ExtensibilityGlobals) = postSolution
		SolutionGuid = {B8F1192A-1945-453C-988A-A52E8916E88F}
	EndGlobalSection
EndGlobal
